
Microsoft Visual Studio Solution File, Format Version 12.00
# Visual Studio Version 17
VisualStudioVersion = 17.12.35514.174
MinimumVisualStudioVersion = 10.0.40219.1
Project("{FAE04EC0-301F-11D3-BF4B-00C04F79EFBC}") = "Route Tracker", "Route Tracker\Route Tracker.csproj", "{CDA44B7F-D5AC-450A-923C-9D9F83E50051}"
EndProject
Project("{2150E333-8FDC-42A3-9474-1A3956D46DE8}") = "Solution Items", "Solution Items", "{8EC462FD-D22E-90A8-E5CE-7E832BA40C5D}"
	ProjectSection(SolutionItems) = preProject
		Hotkeys checklist.md = Hotkeys checklist.md
	EndProjectSection
EndProject
Global
	GlobalSection(SolutionConfigurationPlatforms) = preSolution
		Debug|Any CPU = Debug|Any CPU
		Release|Any CPU = Release|Any CPU
	EndGlobalSection
	GlobalSection(ProjectConfigurationPlatforms) = postSolution
		{CDA44B7F-D5AC-450A-923C-9D9F83E50051}.Debug|Any CPU.ActiveCfg = Debug|Any CPU
		{CDA44B7F-D5AC-450A-923C-9D9F83E50051}.Debug|Any CPU.Build.0 = Debug|Any CPU
		{CDA44B7F-D5AC-450A-923C-9D9F83E50051}.Release|Any CPU.ActiveCfg = Release|Any CPU
		{CDA44B7F-D5AC-450A-923C-9D9F83E50051}.Release|Any CPU.Build.0 = Release|Any CPU
	EndGlobalSection
	GlobalSection(SolutionProperties) = preSolution
		HideSolutionNode = FALSE
	EndGlobalSection
	GlobalSection(ExtensibilityGlobals) = postSolution
		SolutionGuid = {5CCEE8A1-9689-40AC-A840-A2CBE6CCFD18}
	EndGlobalSection
EndGlobal
